<?xml version="1.0" encoding="utf-8"?>
<Project ToolsVersion="4.0" xmlns="http://schemas.microsoft.com/developer/msbuild/2003">
  <ItemGroup>
    <Filter Include="Source Files">
      <UniqueIdentifier>{4FC737F1-C7A5-4376-A066-2A32D752A2FF}</UniqueIdentifier>
      <Extensions>cpp;c;cc;cxx;def;odl;idl;hpj;bat;asm;asmx</Extensions>
    </Filter>
    <Filter Include="Header Files">
      <UniqueIdentifier>{93995380-89BD-4b04-88EB-625FBE52EBFB}</UniqueIdentifier>
      <Extensions>h;hh;hpp;hxx;hm;inl;inc;xsd</Extensions>
    </Filter>
    <Filter Include="Resource Files">
      <UniqueIdentifier>{67DA6AB6-F800-4c08-8B7A-83BB121AAD01}</UniqueIdentifier>
      <Extensions>rc;ico;cur;bmp;dlg;rc2;rct;bin;rgs;gif;jpg;jpeg;jpe;resx;tiff;tif;png;wav;mfcribbon-ms</Extensions>
    </Filter>
    <Filter Include="Source Files\Core Modules">
      <UniqueIdentifier>{6592cc57-78da-487b-af61-474bf87dfbb4}</UniqueIdentifier>
    </Filter>
    <Filter Include="Source Files\Main">
      <UniqueIdentifier>{306cc0d0-9c06-4d7e-9754-1714e60456a1}</UniqueIdentifier>
    </Filter>
    <Filter Include="Source Files\Utils">
      <UniqueIdentifier>{cd6b8356-1dad-4311-8571-6d8b13baf9e4}</UniqueIdentifier>
    </Filter>
  </ItemGroup>
  <ItemGroup>
    <ClCompile Include="src\Module.cpp">
      <Filter>Source Files\Core Modules</Filter>
    </ClCompile>
    <ClCompile Include="src\Application.cpp">
      <Filter>Source Files\Main</Filter>
    </ClCompile>
    <ClCompile Include="src\Main.cpp">
      <Filter>Source Files\Main</Filter>
    </ClCompile>
    <ClCompile Include="src\ModuleWindow.cpp">
      <Filter>Source Files\Core Modules</Filter>
    </ClCompile>
    <ClCompile Include="src\ModuleInput.cpp">
      <Filter>Source Files\Core Modules</Filter>
    </ClCompile>
  </ItemGroup>
  <ItemGroup>
    <ClInclude Include="src\Module.h">
      <Filter>Source Files\Core Modules</Filter>
    </ClInclude>
    <ClInclude Include="src\Application.h">
      <Filter>Source Files\Main</Filter>
    </ClInclude>
    <ClInclude Include="src\Globals.h">
      <Filter>Source Files\Main</Filter>
    </ClInclude>
    <ClInclude Include="src\MemLeaks.h">
      <Filter>Source Files\Utils</Filter>
    </ClInclude>
    <ClInclude Include="src\Utils.h">
      <Filter>Source Files\Utils</Filter>
    </ClInclude>
    <ClInclude Include="src\ModuleWindow.h">
      <Filter>Source Files\Core Modules</Filter>
    </ClInclude>
    <ClInclude Include="src\ModuleInput.h">
      <Filter>Source Files\Core Modules</Filter>
    </ClInclude>
    <ClInclude Include="src\Point.h">
      <Filter>Source Files\Utils</Filter>
    </ClInclude>
  </ItemGroup>
</Project>