<?xml version="1.0" encoding="utf-8"?>
<Project ToolsVersion="4.0" xmlns="http://schemas.microsoft.com/developer/msbuild/2003">
  <ItemGroup>
    <Filter Include="Source Files">
      <UniqueIdentifier>{4FC737F1-C7A5-4376-A066-2A32D752A2FF}</UniqueIdentifier>
      <Extensions>cpp;c;cc;cxx;def;odl;idl;hpj;bat;asm;asmx</Extensions>
    </Filter>
    <Filter Include="Header Files">
      <UniqueIdentifier>{93995380-89BD-4b04-88EB-625FBE52EBFB}</UniqueIdentifier>
      <Extensions>h;hh;hpp;hxx;hm;inl;inc;xsd</Extensions>
    </Filter>
    <Filter Include="Resource Files">
      <UniqueIdentifier>{67DA6AB6-F800-4c08-8B7A-83BB121AAD01}</UniqueIdentifier>
      <Extensions>rc;ico;cur;bmp;dlg;rc2;rct;bin;rgs;gif;jpg;jpeg;jpe;resx;tiff;tif;png;wav;mfcribbon-ms</Extensions>
    </Filter>
    <Filter Include="Source Files\Core Modules">
      <UniqueIdentifier>{6592cc57-78da-487b-af61-474bf87dfbb4}</UniqueIdentifier>
    </Filter>
    <Filter Include="Source Files\Main">
      <UniqueIdentifier>{306cc0d0-9c06-4d7e-9754-1714e60456a1}</UniqueIdentifier>
    </Filter>
    <Filter Include="Source Files\Utils">
      <UniqueIdentifier>{cd6b8356-1dad-4311-8571-6d8b13baf9e4}</UniqueIdentifier>
    </Filter>
    <Filter Include="Source Files\GameObjects">
      <UniqueIdentifier>{fcfc544e-7215-4d4e-98b3-5333a1fb4582}</UniqueIdentifier>
    </Filter>
    <Filter Include="Source Files\Model">
      <UniqueIdentifier>{bf9ea94a-fcde-4b93-91ec-b17ca8e83566}</UniqueIdentifier>
    </Filter>
    <Filter Include="Source Files\Utils\ImGui">
      <UniqueIdentifier>{f381aac5-3228-4923-b044-f8a6afd482cf}</UniqueIdentifier>
    </Filter>
    <Filter Include="Source Files\Models">
      <UniqueIdentifier>{0d5265f5-0d19-4749-a92b-ce8da3912347}</UniqueIdentifier>
    </Filter>
  </ItemGroup>
  <ItemGroup>
    <ClCompile Include="src\Module.cpp">
      <Filter>Source Files\Core Modules</Filter>
    </ClCompile>
    <ClCompile Include="src\Application.cpp">
      <Filter>Source Files\Main</Filter>
    </ClCompile>
    <ClCompile Include="src\Main.cpp">
      <Filter>Source Files\Main</Filter>
    </ClCompile>
    <ClCompile Include="src\ModuleWindow.cpp">
      <Filter>Source Files\Core Modules</Filter>
    </ClCompile>
    <ClCompile Include="src\ModuleInput.cpp">
      <Filter>Source Files\Core Modules</Filter>
    </ClCompile>
    <ClCompile Include="src\GameObject\GameObject.cpp">
      <Filter>Source Files\GameObjects</Filter>
    </ClCompile>
    <ClCompile Include="src\ModuleAudio.cpp">
      <Filter>Source Files\Core Modules</Filter>
    </ClCompile>
    <ClCompile Include="src\Model\Model.cpp">
      <Filter>Source Files\Model</Filter>
    </ClCompile>
    <ClCompile Include="src\Shaders\ShaderManager.cpp">
      <Filter>Source Files\Utils</Filter>
    </ClCompile>
    <ClCompile Include="src\Camera.cpp">
      <Filter>Source Files</Filter>
    </ClCompile>
    <ClCompile Include="src\SceneManager.cpp">
      <Filter>Source Files\Core Modules</Filter>
    </ClCompile>
    <ClCompile Include="src\Scene.cpp">
      <Filter>Source Files</Filter>
    </ClCompile>
    <ClCompile Include="src\Utils\TextureHelper.cpp">
      <Filter>Source Files\Utils</Filter>
    </ClCompile>
    <ClCompile Include="src\ModuleGUI.cpp">
      <Filter>Source Files\Core Modules</Filter>
    </ClCompile>
    <ClCompile Include="3rdparty\ImGui\imgui.cpp">
      <Filter>Source Files\Utils\ImGui</Filter>
    </ClCompile>
    <ClCompile Include="3rdparty\ImGui\imgui_demo.cpp">
      <Filter>Source Files\Utils\ImGui</Filter>
    </ClCompile>
    <ClCompile Include="3rdparty\ImGui\imgui_draw.cpp">
      <Filter>Source Files\Utils\ImGui</Filter>
    </ClCompile>
    <ClCompile Include="3rdparty\ImGui\imgui_impl_sdl_gl3.cpp">
      <Filter>Source Files\Utils\ImGui</Filter>
    </ClCompile>
    <ClCompile Include="src\TestScene1.cpp">
      <Filter>Source Files</Filter>
    </ClCompile>
    <ClCompile Include="src\GameObject\Transform.cpp">
      <Filter>Source Files\GameObjects</Filter>
    </ClCompile>
    <ClCompile Include="src\GameObject\Image.cpp">
      <Filter>Source Files\GameObjects</Filter>
    </ClCompile>
    <ClCompile Include="src\Models\Mesh.cpp">
      <Filter>Source Files\Models</Filter>
    </ClCompile>
    <ClCompile Include="src\Models\ModelHelper.cpp">
      <Filter>Source Files\Models</Filter>
    </ClCompile>
    <ClCompile Include="src\GameObject\MeshComponent.cpp">
      <Filter>Source Files\GameObjects</Filter>
    </ClCompile>
    <ClCompile Include="src\Models\Material.cpp">
      <Filter>Source Files\Models</Filter>
    </ClCompile>
    <ClCompile Include="src\GameObject\MaterialComponent.cpp">
      <Filter>Source Files\GameObjects</Filter>
    </ClCompile>
    <ClCompile Include="src\GameObject\AnimationComponent.cpp">
      <Filter>Source Files\GameObjects</Filter>
    </ClCompile>
  </ItemGroup>
  <ItemGroup>
    <ClInclude Include="src\MemLeaks.h">
      <Filter>Source Files\Utils</Filter>
    </ClInclude>
    <ClInclude Include="src\Model\Model.hpp">
      <Filter>Source Files\Model</Filter>
    </ClInclude>
    <ClInclude Include="src\GameObject\GameObject.hpp">
      <Filter>Source Files\GameObjects</Filter>
    </ClInclude>
    <ClInclude Include="src\Globals.hpp">
      <Filter>Source Files\Main</Filter>
    </ClInclude>
    <ClInclude Include="src\Application.hpp">
      <Filter>Source Files\Main</Filter>
    </ClInclude>
    <ClInclude Include="src\ModuleWindow.hpp">
      <Filter>Source Files\Core Modules</Filter>
    </ClInclude>
    <ClInclude Include="src\ModuleInput.hpp">
      <Filter>Source Files\Core Modules</Filter>
    </ClInclude>
    <ClInclude Include="src\ModuleAudio.hpp">
      <Filter>Source Files\Core Modules</Filter>
    </ClInclude>
    <ClInclude Include="src\Module.hpp">
      <Filter>Source Files\Core Modules</Filter>
    </ClInclude>
    <ClInclude Include="src\Point.hpp">
      <Filter>Source Files\Utils</Filter>
    </ClInclude>
    <ClInclude Include="src\Utils.hpp">
      <Filter>Source Files\Utils</Filter>
    </ClInclude>
    <ClInclude Include="src\Shaders\ShaderManager.hpp">
      <Filter>Source Files\Utils</Filter>
    </ClInclude>
    <ClInclude Include="src\Camera.hpp">
      <Filter>Source Files</Filter>
    </ClInclude>
    <ClInclude Include="src\Utils\Macros.hpp">
      <Filter>Source Files\Main</Filter>
    </ClInclude>
    <ClInclude Include="src\SceneManager.hpp">
      <Filter>Source Files\Core Modules</Filter>
    </ClInclude>
    <ClInclude Include="src\Scene.hpp">
      <Filter>Source Files</Filter>
    </ClInclude>
    <ClInclude Include="src\Utils\TextureHelper.hpp">
      <Filter>Source Files\Utils</Filter>
    </ClInclude>
    <ClInclude Include="src\ModuleGUI.hpp">
      <Filter>Source Files\Core Modules</Filter>
    </ClInclude>
    <ClInclude Include="3rdparty\ImGui\imconfig.h">
      <Filter>Source Files\Utils\ImGui</Filter>
    </ClInclude>
    <ClInclude Include="3rdparty\ImGui\imgui.h">
      <Filter>Source Files\Utils\ImGui</Filter>
    </ClInclude>
    <ClInclude Include="3rdparty\ImGui\imgui_impl_sdl_gl3.h">
      <Filter>Source Files\Utils\ImGui</Filter>
    </ClInclude>
    <ClInclude Include="3rdparty\ImGui\imgui_internal.h">
      <Filter>Source Files\Utils\ImGui</Filter>
    </ClInclude>
    <ClInclude Include="3rdparty\ImGui\stb_rect_pack.h">
      <Filter>Source Files\Utils\ImGui</Filter>
    </ClInclude>
    <ClInclude Include="3rdparty\ImGui\stb_textedit.h">
      <Filter>Source Files\Utils\ImGui</Filter>
    </ClInclude>
    <ClInclude Include="3rdparty\ImGui\stb_truetype.h">
      <Filter>Source Files\Utils\ImGui</Filter>
    </ClInclude>
    <ClInclude Include="src\TestScene1.hpp">
      <Filter>Source Files</Filter>
    </ClInclude>
    <ClInclude Include="src\GameObject\Component.hpp">
      <Filter>Source Files\GameObjects</Filter>
    </ClInclude>
    <ClInclude Include="src\GameObject\Transform.hpp">
      <Filter>Source Files\GameObjects</Filter>
    </ClInclude>
    <ClInclude Include="src\GameObject\ComponentFactory.hpp">
      <Filter>Source Files\GameObjects</Filter>
    </ClInclude>
    <ClInclude Include="src\GameObject\TransformBuilder.hpp">
      <Filter>Source Files\GameObjects</Filter>
    </ClInclude>
    <ClInclude Include="src\GameObject\Image.hpp">
      <Filter>Source Files\GameObjects</Filter>
    </ClInclude>
    <ClInclude Include="src\Models\Mesh.hpp">
      <Filter>Source Files\Models</Filter>
    </ClInclude>
    <ClInclude Include="src\Models\ModelHelper.hpp">
      <Filter>Source Files\Models</Filter>
    </ClInclude>
    <ClInclude Include="src\GameObject\MeshComponent.hpp">
      <Filter>Source Files\GameObjects</Filter>
    </ClInclude>
    <ClInclude Include="src\Models\Material.hpp">
      <Filter>Source Files\Models</Filter>
    </ClInclude>
    <ClInclude Include="src\GameObject\MaterialComponent.hpp">
      <Filter>Source Files\GameObjects</Filter>
    </ClInclude>
    <ClInclude Include="src\Models\ModelHelper.fwd.hpp">
      <Filter>Source Files\Models</Filter>
    </ClInclude>
    <ClInclude Include="src\GameObject\AnimationComponent.hpp">
      <Filter>Source Files\GameObjects</Filter>
    </ClInclude>
  </ItemGroup>
</Project>